# This file is automatically @generated by Cargo.
# It is not intended for manual editing.
[[package]]
name = "bitflags"
version = "0.4.0"
source = "registry+https://github.com/rust-lang/crates.io-index"

[[package]]
name = "emulator"
version = "0.1.0"
dependencies = [
 "socketcan 1.7.0 (registry+https://github.com/rust-lang/crates.io-index)",
]

[[package]]
name = "hex"
version = "0.2.0"
source = "registry+https://github.com/rust-lang/crates.io-index"

[[package]]
name = "itertools"
version = "0.4.19"
source = "registry+https://github.com/rust-lang/crates.io-index"

[[package]]
name = "libc"
version = "0.2.54"
source = "registry+https://github.com/rust-lang/crates.io-index"

[[package]]
name = "nix"
version = "0.5.1"
source = "registry+https://github.com/rust-lang/crates.io-index"
dependencies = [
 "bitflags 0.4.0 (registry+https://github.com/rust-lang/crates.io-index)",
 "libc 0.2.54 (registry+https://github.com/rust-lang/crates.io-index)",
]

[[package]]
name = "socketcan"
version = "1.7.0"
source = "registry+https://github.com/rust-lang/crates.io-index"
dependencies = [
 "hex 0.2.0 (registry+https://github.com/rust-lang/crates.io-index)",
 "itertools 0.4.19 (registry+https://github.com/rust-lang/crates.io-index)",
 "libc 0.2.54 (registry+https://github.com/rust-lang/crates.io-index)",
 "nix 0.5.1 (registry+https://github.com/rust-lang/crates.io-index)",
 "try_from 0.2.2 (registry+https://github.com/rust-lang/crates.io-index)",
]

[[package]]
name = "try_from"
version = "0.2.2"
source = "registry+https://github.com/rust-lang/crates.io-index"

[metadata]
"checksum bitflags 0.4.0 (registry+https://github.com/rust-lang/crates.io-index)" = "8dead7461c1127cf637931a1e50934eb6eee8bff2f74433ac7909e9afcee04a3"
"checksum hex 0.2.0 (registry+https://github.com/rust-lang/crates.io-index)" = "d6a22814455d41612f41161581c2883c0c6a1c41852729b17d5ed88f01e153aa"
"checksum itertools 0.4.19 (registry+https://github.com/rust-lang/crates.io-index)" = "c4a9b56eb56058f43dc66e58f40a214b2ccbc9f3df51861b63d51dec7b65bc3f"
"checksum libc 0.2.54 (registry+https://github.com/rust-lang/crates.io-index)" = "c6785aa7dd976f5fbf3b71cfd9cd49d7f783c1ff565a858d71031c6c313aa5c6"
"checksum nix 0.5.1 (registry+https://github.com/rust-lang/crates.io-index)" = "bfb3ddedaa14746434a02041940495bf11325c22f6d36125d3bdd56090d50a79"
"checksum socketcan 1.7.0 (registry+https://github.com/rust-lang/crates.io-index)" = "3101efc6ef5af6f1c1a488241b469757b7a183baca63af958cd90e4696446c80"
"checksum try_from 0.2.2 (registry+https://github.com/rust-lang/crates.io-index)" = "923a7ee3e97dbfe8685261beb4511cc9620a1252405d02693d43169729570111"
